<?xml version="1.0" encoding="utf-8"?>
<Project ToolsVersion="4.0" xmlns="http://schemas.microsoft.com/developer/msbuild/2003">
  <ItemGroup>
    <Filter Include="Source Files">
      <UniqueIdentifier>{4FC737F1-C7A5-4376-A066-2A32D752A2FF}</UniqueIdentifier>
      <Extensions>cpp;c;cc;cxx;c++;cppm;ixx;def;odl;idl;hpj;bat;asm;asmx</Extensions>
    </Filter>
    <Filter Include="Header Files">
      <UniqueIdentifier>{93995380-89BD-4b04-88EB-625FBE52EBFB}</UniqueIdentifier>
      <Extensions>h;hh;hpp;hxx;h++;hm;inl;inc;ipp;xsd</Extensions>
    </Filter>
    <Filter Include="Resource Files">
      <UniqueIdentifier>{67DA6AB6-F800-4c08-8B7A-83BB121AAD01}</UniqueIdentifier>
      <Extensions>rc;ico;cur;bmp;dlg;rc2;rct;bin;rgs;gif;jpg;jpeg;jpe;resx;tiff;tif;png;wav;mfcribbon-ms</Extensions>
    </Filter>
  </ItemGroup>
  <ItemGroup>
    <ClCompile Include="WhiteBeltCPP.cpp">
      <Filter>Source Files</Filter>
    </ClCompile>
    <ClCompile Include="a_plus_b.cpp">
      <Filter>Source Files</Filter>
    </ClCompile>
    <ClCompile Include="sort_strings.cpp">
      <Filter>Source Files</Filter>
    </ClCompile>
    <ClCompile Include="equation.cpp">
      <Filter>Source Files</Filter>
    </ClCompile>
    <ClCompile Include="division.cpp">
      <Filter>Source Files</Filter>
    </ClCompile>
    <ClCompile Include="Source.cpp">
      <Filter>Source Files</Filter>
    </ClCompile>
    <ClCompile Include="discount.cpp">
      <Filter>Source Files</Filter>
    </ClCompile>
    <ClCompile Include="print_even.cpp">
      <Filter>Source Files</Filter>
    </ClCompile>
    <ClCompile Include="second_f.cpp">
      <Filter>Source Files</Filter>
    </ClCompile>
    <ClCompile Include="biggest_common_divisor.cpp">
      <Filter>Source Files</Filter>
    </ClCompile>
    <ClCompile Include="print_binary.cpp">
      <Filter>Source Files</Filter>
    </ClCompile>
    <ClCompile Include="IsPalindrom.cpp">
      <Filter>Source Files</Filter>
    </ClCompile>
    <ClCompile Include="UpdateIfGreater.cpp">
      <Filter>Source Files</Filter>
    </ClCompile>
    <ClCompile Include="PalindromFilter.cpp">
      <Filter>Source Files</Filter>
    </ClCompile>
    <ClCompile Include="Factorial.cpp">
      <Filter>Source Files</Filter>
    </ClCompile>
    <ClCompile Include="MoveStrings.cpp">
      <Filter>Source Files</Filter>
    </ClCompile>
    <ClCompile Include="Reverse.cpp">
      <Filter>Source Files</Filter>
    </ClCompile>
    <ClCompile Include="Reversed.cpp">
      <Filter>Source Files</Filter>
    </ClCompile>
    <ClCompile Include="AverageTemperature.cpp">
      <Filter>Source Files</Filter>
    </ClCompile>
    <ClCompile Include="WorryQueue.cpp">
      <Filter>Source Files</Filter>
    </ClCompile>
    <ClCompile Include="MonthlyRoutines.cpp">
      <Filter>Source Files</Filter>
    </ClCompile>
    <ClCompile Include="TestMap.cpp">
      <Filter>Source Files</Filter>
    </ClCompile>
    <ClCompile Include="Anagrams.cpp">
      <Filter>Source Files</Filter>
    </ClCompile>
    <ClCompile Include="Countries.cpp">
      <Filter>Source Files</Filter>
    </ClCompile>
    <ClCompile Include="Buses1.cpp">
      <Filter>Source Files</Filter>
    </ClCompile>
    <ClCompile Include="Buses2.cpp">
      <Filter>Source Files</Filter>
    </ClCompile>
    <ClCompile Include="UniqueStrings.cpp">
      <Filter>Source Files</Filter>
    </ClCompile>
    <ClCompile Include="MapValues.cpp">
      <Filter>Source Files</Filter>
    </ClCompile>
    <ClCompile Include="Synonyms.cpp">
      <Filter>Source Files</Filter>
    </ClCompile>
    <ClCompile Include="Buses3.cpp">
      <Filter>Source Files</Filter>
    </ClCompile>
    <ClCompile Include="SortAbs.cpp">
      <Filter>Source Files</Filter>
    </ClCompile>
    <ClCompile Include="SortCaseInsensitive.cpp">
      <Filter>Source Files</Filter>
    </ClCompile>
    <ClCompile Include="SortedStrings.cpp">
      <Filter>Source Files</Filter>
    </ClCompile>
    <ClCompile Include="Names1.cpp">
      <Filter>Source Files</Filter>
    </ClCompile>
  </ItemGroup>
</Project>